version = 1
revision = 1
requires-python = ">=3.13.2"

[[package]]
name = "gengraphlib"
version = "0.1.0"
source = { editable = "." }
dependencies = [
    { name = "objgraph" },
]

[package.metadata]
requires-dist = [{ name = "objgraph", specifier = ">=3.6.2" }]

[package.metadata.requires-dev]
dev = []

[[package]]
name = "objgraph"
version = "3.6.2"
source = { registry = "https://pypi.org/simple" }
sdist = { url = "https://files.pythonhosted.org/packages/ba/74/60dfb345ca493d69551dd1ba599ceb6fe325527fedabe4217d6e030449e2/objgraph-3.6.2.tar.gz", hash = "sha256:00b9f2f40f7422e3c7f45a61c4dafdaf81f03ff0649d6eaec866f01030e51ad8", size = 759524 }
wheels = [
    { url = "https://files.pythonhosted.org/packages/8e/67/7bffbb861cb8a0a62b7df50738d35812bf40dc8bcc1559c04bdf593f1164/objgraph-3.6.2-py3-none-any.whl", hash = "sha256:8114c97712291c3ba30d882406a384d0a7651b307ea9a06e0d83836ccde85e15", size = 17667 },
]
